
Microsoft Visual Studio Solution File, Format Version 12.00
# Visual Studio Version 17
VisualStudioVersion = 17.9.34723.18
MinimumVisualStudioVersion = 10.0.40219.1
Project("{FAE04EC0-301F-11D3-BF4B-00C04F79EFBC}") = "Lab7CS", "Lab7CS\Lab7CS.csproj", "{26A265B2-E737-4106-8B0E-458BDC13F764}"
EndProject
Global
	GlobalSection(SolutionConfigurationPlatforms) = preSolution
		Debug|Any CPU = Debug|Any CPU
		Release|Any CPU = Release|Any CPU
	EndGlobalSection
	GlobalSection(ProjectConfigurationPlatforms) = postSolution
		{26A265B2-E737-4106-8B0E-458BDC13F764}.Debug|Any CPU.ActiveCfg = Debug|Any CPU
		{26A265B2-E737-4106-8B0E-458BDC13F764}.Debug|Any CPU.Build.0 = Debug|Any CPU
		{26A265B2-E737-4106-8B0E-458BDC13F764}.Release|Any CPU.ActiveCfg = Release|Any CPU
		{26A265B2-E737-4106-8B0E-458BDC13F764}.Release|Any CPU.Build.0 = Release|Any CPU
	EndGlobalSection
	GlobalSection(SolutionProperties) = preSolution
		HideSolutionNode = FALSE
	EndGlobalSection
	GlobalSection(ExtensibilityGlobals) = postSolution
		SolutionGuid = {668698C9-94F7-4E7C-A1C0-1DD12A17DD74}
	EndGlobalSection
EndGlobal
